
Microsoft Visual Studio Solution File, Format Version 12.00
# Visual Studio Version 17
VisualStudioVersion = 17.13.35931.197 d17.13
MinimumVisualStudioVersion = 10.0.40219.1
Project("{FAE04EC0-301F-11D3-BF4B-00C04F79EFBC}") = "DXFContours", "DXFContours.csproj", "{9545DE64-3963-4714-9265-31619A722107}"
EndProject
Global
	GlobalSection(SolutionConfigurationPlatforms) = preSolution
		Debug|Any CPU = Debug|Any CPU
		Release|Any CPU = Release|Any CPU
	EndGlobalSection
	GlobalSection(ProjectConfigurationPlatforms) = postSolution
		{9545DE64-3963-4714-9265-31619A722107}.Debug|Any CPU.ActiveCfg = Debug|Any CPU
		{9545DE64-3963-4714-9265-31619A722107}.Debug|Any CPU.Build.0 = Debug|Any CPU
		{9545DE64-3963-4714-9265-31619A722107}.Release|Any CPU.ActiveCfg = Release|Any CPU
		{9545DE64-3963-4714-9265-31619A722107}.Release|Any CPU.Build.0 = Release|Any CPU
	EndGlobalSection
	GlobalSection(SolutionProperties) = preSolution
		HideSolutionNode = FALSE
	EndGlobalSection
	GlobalSection(ExtensibilityGlobals) = postSolution
		SolutionGuid = {067BFA0D-4043-4E4F-BC3F-D7C2FAF63A95}
	EndGlobalSection
EndGlobal
